
Microsoft Visual Studio Solution File, Format Version 12.00
# Visual Studio Version 17
VisualStudioVersion = 17.1.32414.318
MinimumVisualStudioVersion = 10.0.40219.1
Project("{9A19103F-16F7-4668-BE54-9A1E7A4F7556}") = "DesignPatterns", "DesignPatterns.csproj", "{F14619C4-08F8-4500-B4F5-3FF839EF9765}"
EndProject
Project("{9A19103F-16F7-4668-BE54-9A1E7A4F7556}") = "Builder", "Builder\Builder.csproj", "{0143AFD4-6505-40E2-A1B6-B9BA6B6F9227}"
EndProject
Project("{9A19103F-16F7-4668-BE54-9A1E7A4F7556}") = "Factory", "Factory\Factory.csproj", "{AEC9D787-8FCD-4BE3-804C-484EB22ECDAB}"
EndProject
Project("{9A19103F-16F7-4668-BE54-9A1E7A4F7556}") = "AbstractFactory", "AbstractFactory\AbstractFactory.csproj", "{2C4A82F0-86CB-4927-A3FA-D5860EE7410F}"
EndProject
Project("{9A19103F-16F7-4668-BE54-9A1E7A4F7556}") = "Prototype", "Prototype\Prototype.csproj", "{E3AC1119-78C6-4EED-A91E-93A799C41364}"
EndProject
Project("{9A19103F-16F7-4668-BE54-9A1E7A4F7556}") = "Singleton", "Singleton\Singleton.csproj", "{94BD354F-8AD8-4257-A113-F2617A5BF861}"
EndProject
Project("{9A19103F-16F7-4668-BE54-9A1E7A4F7556}") = "Strategy", "Strategy\Strategy.csproj", "{01B6CE2B-DCDA-4BFC-AA7B-25BE8F4F2CE3}"
EndProject
Project("{9A19103F-16F7-4668-BE54-9A1E7A4F7556}") = "Observer", "Observer\Observer.csproj", "{479FB830-D170-4F7C-AFD9-0039E2C49D75}"
EndProject
Project("{FAE04EC0-301F-11D3-BF4B-00C04F79EFBC}") = "Mediator", "Mediator\Mediator.csproj", "{3CFAC773-9ABE-4014-BCDA-F9FFC025CF26}"
EndProject
Global
	GlobalSection(SolutionConfigurationPlatforms) = preSolution
		Debug|Any CPU = Debug|Any CPU
		Release|Any CPU = Release|Any CPU
	EndGlobalSection
	GlobalSection(ProjectConfigurationPlatforms) = postSolution
		{F14619C4-08F8-4500-B4F5-3FF839EF9765}.Debug|Any CPU.ActiveCfg = Debug|Any CPU
		{F14619C4-08F8-4500-B4F5-3FF839EF9765}.Debug|Any CPU.Build.0 = Debug|Any CPU
		{F14619C4-08F8-4500-B4F5-3FF839EF9765}.Release|Any CPU.ActiveCfg = Release|Any CPU
		{F14619C4-08F8-4500-B4F5-3FF839EF9765}.Release|Any CPU.Build.0 = Release|Any CPU
		{0143AFD4-6505-40E2-A1B6-B9BA6B6F9227}.Debug|Any CPU.ActiveCfg = Debug|Any CPU
		{0143AFD4-6505-40E2-A1B6-B9BA6B6F9227}.Debug|Any CPU.Build.0 = Debug|Any CPU
		{0143AFD4-6505-40E2-A1B6-B9BA6B6F9227}.Release|Any CPU.ActiveCfg = Release|Any CPU
		{0143AFD4-6505-40E2-A1B6-B9BA6B6F9227}.Release|Any CPU.Build.0 = Release|Any CPU
		{AEC9D787-8FCD-4BE3-804C-484EB22ECDAB}.Debug|Any CPU.ActiveCfg = Debug|Any CPU
		{AEC9D787-8FCD-4BE3-804C-484EB22ECDAB}.Debug|Any CPU.Build.0 = Debug|Any CPU
		{AEC9D787-8FCD-4BE3-804C-484EB22ECDAB}.Release|Any CPU.ActiveCfg = Release|Any CPU
		{AEC9D787-8FCD-4BE3-804C-484EB22ECDAB}.Release|Any CPU.Build.0 = Release|Any CPU
		{2C4A82F0-86CB-4927-A3FA-D5860EE7410F}.Debug|Any CPU.ActiveCfg = Debug|Any CPU
		{2C4A82F0-86CB-4927-A3FA-D5860EE7410F}.Debug|Any CPU.Build.0 = Debug|Any CPU
		{2C4A82F0-86CB-4927-A3FA-D5860EE7410F}.Release|Any CPU.ActiveCfg = Release|Any CPU
		{2C4A82F0-86CB-4927-A3FA-D5860EE7410F}.Release|Any CPU.Build.0 = Release|Any CPU
		{E3AC1119-78C6-4EED-A91E-93A799C41364}.Debug|Any CPU.ActiveCfg = Debug|Any CPU
		{E3AC1119-78C6-4EED-A91E-93A799C41364}.Debug|Any CPU.Build.0 = Debug|Any CPU
		{E3AC1119-78C6-4EED-A91E-93A799C41364}.Release|Any CPU.ActiveCfg = Release|Any CPU
		{E3AC1119-78C6-4EED-A91E-93A799C41364}.Release|Any CPU.Build.0 = Release|Any CPU
		{94BD354F-8AD8-4257-A113-F2617A5BF861}.Debug|Any CPU.ActiveCfg = Debug|Any CPU
		{94BD354F-8AD8-4257-A113-F2617A5BF861}.Debug|Any CPU.Build.0 = Debug|Any CPU
		{94BD354F-8AD8-4257-A113-F2617A5BF861}.Release|Any CPU.ActiveCfg = Release|Any CPU
		{94BD354F-8AD8-4257-A113-F2617A5BF861}.Release|Any CPU.Build.0 = Release|Any CPU
		{01B6CE2B-DCDA-4BFC-AA7B-25BE8F4F2CE3}.Debug|Any CPU.ActiveCfg = Debug|Any CPU
		{01B6CE2B-DCDA-4BFC-AA7B-25BE8F4F2CE3}.Debug|Any CPU.Build.0 = Debug|Any CPU
		{01B6CE2B-DCDA-4BFC-AA7B-25BE8F4F2CE3}.Release|Any CPU.ActiveCfg = Release|Any CPU
		{01B6CE2B-DCDA-4BFC-AA7B-25BE8F4F2CE3}.Release|Any CPU.Build.0 = Release|Any CPU
		{479FB830-D170-4F7C-AFD9-0039E2C49D75}.Debug|Any CPU.ActiveCfg = Debug|Any CPU
		{479FB830-D170-4F7C-AFD9-0039E2C49D75}.Debug|Any CPU.Build.0 = Debug|Any CPU
		{479FB830-D170-4F7C-AFD9-0039E2C49D75}.Release|Any CPU.ActiveCfg = Release|Any CPU
		{479FB830-D170-4F7C-AFD9-0039E2C49D75}.Release|Any CPU.Build.0 = Release|Any CPU
		{3CFAC773-9ABE-4014-BCDA-F9FFC025CF26}.Debug|Any CPU.ActiveCfg = Debug|Any CPU
		{3CFAC773-9ABE-4014-BCDA-F9FFC025CF26}.Debug|Any CPU.Build.0 = Debug|Any CPU
		{3CFAC773-9ABE-4014-BCDA-F9FFC025CF26}.Release|Any CPU.ActiveCfg = Release|Any CPU
		{3CFAC773-9ABE-4014-BCDA-F9FFC025CF26}.Release|Any CPU.Build.0 = Release|Any CPU
	EndGlobalSection
	GlobalSection(SolutionProperties) = preSolution
		HideSolutionNode = FALSE
	EndGlobalSection
	GlobalSection(ExtensibilityGlobals) = postSolution
		SolutionGuid = {6D6C043B-3760-4C61-8CC6-B75AF2CB80B5}
	EndGlobalSection
EndGlobal
